
Microsoft Visual Studio Solution File, Format Version 11.00
# Visual Studio 2010
Project("{8BC9CEB8-8B4A-11D0-8D11-00A0C91BC942}") = "Demo", "Demo\Demo.vcxproj", "{42DD6286-FE2E-4939-9C90-556338121821}"
EndProject
Global
	GlobalSection(SolutionConfigurationPlatforms) = preSolution
		Debug|Win32 = Debug|Win32
		Release|Win32 = Release|Win32
	EndGlobalSection
	GlobalSection(ProjectConfigurationPlatforms) = postSolution
		{42DD6286-FE2E-4939-9C90-556338121821}.Debug|Win32.ActiveCfg = Debug|Win32
		{42DD6286-FE2E-4939-9C90-556338121821}.Debug|Win32.Build.0 = Debug|Win32
		{42DD6286-FE2E-4939-9C90-556338121821}.Release|Win32.ActiveCfg = Release|Win32
		{42DD6286-FE2E-4939-9C90-556338121821}.Release|Win32.Build.0 = Release|Win32
	EndGlobalSection
	GlobalSection(SolutionProperties) = preSolution
		HideSolutionNode = FALSE
	EndGlobalSection
EndGlobal
